// !$*UTF8*$!
{
	archiveVersion = 1;
	classes = {
	};
	objectVersion = 50;
	objects = {

/* Begin PBXBuildFile section */
		9BAD8D16240161C200DCE0AE /* AppDelegate.swift in Sources */ = {isa = PBXBuildFile; fileRef = 9BAD8D15240161C200DCE0AE /* AppDelegate.swift */; };
		9BAD8D18240161C200DCE0AE /* SceneDelegate.swift in Sources */ = {isa = PBXBuildFile; fileRef = 9BAD8D17240161C200DCE0AE /* SceneDelegate.swift */; };
		9BAD8D1A240161C200DCE0AE /* StartViewController.swift in Sources */ = {isa = PBXBuildFile; fileRef = 9BAD8D19240161C200DCE0AE /* StartViewController.swift */; };
		9BAD8D1D240161C200DCE0AE /* Main.storyboard in Resources */ = {isa = PBXBuildFile; fileRef = 9BAD8D1B240161C200DCE0AE /* Main.storyboard */; };
		9BAD8D1F240161C600DCE0AE /* Assets.xcassets in Resources */ = {isa = PBXBuildFile; fileRef = 9BAD8D1E240161C600DCE0AE /* Assets.xcassets */; };
		9BAD8D22240161C600DCE0AE /* LaunchScreen.storyboard in Resources */ = {isa = PBXBuildFile; fileRef = 9BAD8D20240161C600DCE0AE /* LaunchScreen.storyboard */; };
		9BAD8D2C240169C400DCE0AE /* HelloViewController.swift in Sources */ = {isa = PBXBuildFile; fileRef = 9BAD8D2B240169C400DCE0AE /* HelloViewController.swift */; };
		9BAD8D3024016A2E00DCE0AE /* QuestsViewController.swift in Sources */ = {isa = PBXBuildFile; fileRef = 9BAD8D2F24016A2E00DCE0AE /* QuestsViewController.swift */; };
		9BAD8D3224016A4800DCE0AE /* DevelopersViewController.swift in Sources */ = {isa = PBXBuildFile; fileRef = 9BAD8D3124016A4800DCE0AE /* DevelopersViewController.swift */; };
		9BAD8D352401712100DCE0AE /* BarViewController.swift in Sources */ = {isa = PBXBuildFile; fileRef = 9BAD8D342401712100DCE0AE /* BarViewController.swift */; };
		9BAD8D372401805A00DCE0AE /* Quest.swift in Sources */ = {isa = PBXBuildFile; fileRef = 9BAD8D362401805A00DCE0AE /* Quest.swift */; };
		9BAD8D3A24018DCA00DCE0AE /* QuestViewCell.swift in Sources */ = {isa = PBXBuildFile; fileRef = 9BAD8D3924018DCA00DCE0AE /* QuestViewCell.swift */; };
		9BAD8D3C2401AF9300DCE0AE /* QuestDetailViewController.swift in Sources */ = {isa = PBXBuildFile; fileRef = 9BAD8D3B2401AF9300DCE0AE /* QuestDetailViewController.swift */; };
		E279A4EC2401DB3B00FCFEA0 /* LanguagesDataManager.swift in Sources */ = {isa = PBXBuildFile; fileRef = E279A4EB2401DB3B00FCFEA0 /* LanguagesDataManager.swift */; };
/* End PBXBuildFile section */

/* Begin PBXFileReference section */
		9BAD8D12240161C200DCE0AE /* HW2.8.app */ = {isa = PBXFileReference; explicitFileType = wrapper.application; includeInIndex = 0; path = HW2.8.app; sourceTree = BUILT_PRODUCTS_DIR; };
		9BAD8D15240161C200DCE0AE /* AppDelegate.swift */ = {isa = PBXFileReference; lastKnownFileType = sourcecode.swift; path = AppDelegate.swift; sourceTree = "<group>"; };
		9BAD8D17240161C200DCE0AE /* SceneDelegate.swift */ = {isa = PBXFileReference; lastKnownFileType = sourcecode.swift; path = SceneDelegate.swift; sourceTree = "<group>"; };
		9BAD8D19240161C200DCE0AE /* StartViewController.swift */ = {isa = PBXFileReference; lastKnownFileType = sourcecode.swift; path = StartViewController.swift; sourceTree = "<group>"; };
		9BAD8D1C240161C200DCE0AE /* Base */ = {isa = PBXFileReference; lastKnownFileType = file.storyboard; name = Base; path = Base.lproj/Main.storyboard; sourceTree = "<group>"; };
		9BAD8D1E240161C600DCE0AE /* Assets.xcassets */ = {isa = PBXFileReference; lastKnownFileType = folder.assetcatalog; path = Assets.xcassets; sourceTree = "<group>"; };
		9BAD8D21240161C600DCE0AE /* Base */ = {isa = PBXFileReference; lastKnownFileType = file.storyboard; name = Base; path = Base.lproj/LaunchScreen.storyboard; sourceTree = "<group>"; };
		9BAD8D23240161C600DCE0AE /* Info.plist */ = {isa = PBXFileReference; lastKnownFileType = text.plist.xml; path = Info.plist; sourceTree = "<group>"; };
		9BAD8D2B240169C400DCE0AE /* HelloViewController.swift */ = {isa = PBXFileReference; lastKnownFileType = sourcecode.swift; path = HelloViewController.swift; sourceTree = "<group>"; };
		9BAD8D2F24016A2E00DCE0AE /* QuestsViewController.swift */ = {isa = PBXFileReference; lastKnownFileType = sourcecode.swift; path = QuestsViewController.swift; sourceTree = "<group>"; };
		9BAD8D3124016A4800DCE0AE /* DevelopersViewController.swift */ = {isa = PBXFileReference; lastKnownFileType = sourcecode.swift; path = DevelopersViewController.swift; sourceTree = "<group>"; };
		9BAD8D342401712100DCE0AE /* BarViewController.swift */ = {isa = PBXFileReference; lastKnownFileType = sourcecode.swift; path = BarViewController.swift; sourceTree = "<group>"; };
		9BAD8D362401805A00DCE0AE /* Quest.swift */ = {isa = PBXFileReference; lastKnownFileType = sourcecode.swift; path = Quest.swift; sourceTree = "<group>"; };
		9BAD8D3924018DCA00DCE0AE /* QuestViewCell.swift */ = {isa = PBXFileReference; lastKnownFileType = sourcecode.swift; path = QuestViewCell.swift; sourceTree = "<group>"; };
		9BAD8D3B2401AF9300DCE0AE /* QuestDetailViewController.swift */ = {isa = PBXFileReference; lastKnownFileType = sourcecode.swift; path = QuestDetailViewController.swift; sourceTree = "<group>"; };
		E279A4EB2401DB3B00FCFEA0 /* LanguagesDataManager.swift */ = {isa = PBXFileReference; lastKnownFileType = sourcecode.swift; name = LanguagesDataManager.swift; path = HW2.8/DataManagers/LanguagesDataManager.swift; sourceTree = SOURCE_ROOT; };
/* End PBXFileReference section */

/* Begin PBXFrameworksBuildPhase section */
		9BAD8D0F240161C200DCE0AE /* Frameworks */ = {
			isa = PBXFrameworksBuildPhase;
			buildActionMask = 2147483647;
			files = (
			);
			runOnlyForDeploymentPostprocessing = 0;
		};
/* End PBXFrameworksBuildPhase section */

/* Begin PBXGroup section */
		9BAD8D09240161C200DCE0AE = {
			isa = PBXGroup;
			children = (
				9BAD8D14240161C200DCE0AE /* HW2.8 */,
				9BAD8D13240161C200DCE0AE /* Products */,
			);
			sourceTree = "<group>";
		};
		9BAD8D13240161C200DCE0AE /* Products */ = {
			isa = PBXGroup;
			children = (
				9BAD8D12240161C200DCE0AE /* HW2.8.app */,
			);
			name = Products;
			sourceTree = "<group>";
		};
		9BAD8D14240161C200DCE0AE /* HW2.8 */ = {
			isa = PBXGroup;
			children = (
				9BAD8D3824018D9600DCE0AE /* ViewCells */,
				9BAD8D2E240169DB00DCE0AE /* DataManagers */,
				9BAD8D2D240169CE00DCE0AE /* Models */,
				9BAD8D2A240161FC00DCE0AE /* ViewControllers */,
				9BAD8D29240161DD00DCE0AE /* Storyboards */,
				9BAD8D15240161C200DCE0AE /* AppDelegate.swift */,
				9BAD8D17240161C200DCE0AE /* SceneDelegate.swift */,
				9BAD8D1E240161C600DCE0AE /* Assets.xcassets */,
				9BAD8D23240161C600DCE0AE /* Info.plist */,
			);
			path = HW2.8;
			sourceTree = "<group>";
		};
		9BAD8D29240161DD00DCE0AE /* Storyboards */ = {
			isa = PBXGroup;
			children = (
				9BAD8D1B240161C200DCE0AE /* Main.storyboard */,
				9BAD8D20240161C600DCE0AE /* LaunchScreen.storyboard */,
			);
			path = Storyboards;
			sourceTree = "<group>";
		};
		9BAD8D2A240161FC00DCE0AE /* ViewControllers */ = {
			isa = PBXGroup;
			children = (
				9BAD8D19240161C200DCE0AE /* StartViewController.swift */,
				9BAD8D2B240169C400DCE0AE /* HelloViewController.swift */,
				9BAD8D2F24016A2E00DCE0AE /* QuestsViewController.swift */,
				9BAD8D3B2401AF9300DCE0AE /* QuestDetailViewController.swift */,
				9BAD8D3124016A4800DCE0AE /* DevelopersViewController.swift */,
				9BAD8D342401712100DCE0AE /* BarViewController.swift */,
			);
			path = ViewControllers;
			sourceTree = "<group>";
		};
		9BAD8D2D240169CE00DCE0AE /* Models */ = {
			isa = PBXGroup;
			children = (
				9BAD8D362401805A00DCE0AE /* Quest.swift */,
			);
			path = Models;
			sourceTree = "<group>";
		};
		9BAD8D2E240169DB00DCE0AE /* DataManagers */ = {
			isa = PBXGroup;
			children = (
				E279A4EB2401DB3B00FCFEA0 /* LanguagesDataManager.swift */,
			);
			path = DataManagers;
			sourceTree = "<group>";
		};
		9BAD8D3824018D9600DCE0AE /* ViewCells */ = {
			isa = PBXGroup;
			children = (
				9BAD8D3924018DCA00DCE0AE /* QuestViewCell.swift */,
			);
			path = ViewCells;
			sourceTree = "<group>";
		};
/* End PBXGroup section */

/* Begin PBXNativeTarget section */
		9BAD8D11240161C200DCE0AE /* HW2.8 */ = {
			isa = PBXNativeTarget;
			buildConfigurationList = 9BAD8D26240161C600DCE0AE /* Build configuration list for PBXNativeTarget "HW2.8" */;
			buildPhases = (
				9BAD8D0E240161C200DCE0AE /* Sources */,
				9BAD8D0F240161C200DCE0AE /* Frameworks */,
				9BAD8D10240161C200DCE0AE /* Resources */,
			);
			buildRules = (
			);
			dependencies = (
			);
			name = HW2.8;
			productName = HW2.8;
			productReference = 9BAD8D12240161C200DCE0AE /* HW2.8.app */;
			productType = "com.apple.product-type.application";
		};
/* End PBXNativeTarget section */

/* Begin PBXProject section */
		9BAD8D0A240161C200DCE0AE /* Project object */ = {
			isa = PBXProject;
			attributes = {
				LastSwiftUpdateCheck = 1120;
				LastUpgradeCheck = 1120;
				ORGANIZATIONNAME = VIA;
				TargetAttributes = {
					9BAD8D11240161C200DCE0AE = {
						CreatedOnToolsVersion = 11.2.1;
					};
				};
			};
			buildConfigurationList = 9BAD8D0D240161C200DCE0AE /* Build configuration list for PBXProject "HW2.8" */;
			compatibilityVersion = "Xcode 9.3";
			developmentRegion = en;
			hasScannedForEncodings = 0;
			knownRegions = (
				en,
				Base,
			);
			mainGroup = 9BAD8D09240161C200DCE0AE;
			productRefGroup = 9BAD8D13240161C200DCE0AE /* Products */;
			projectDirPath = "";
			projectRoot = "";
			targets = (
				9BAD8D11240161C200DCE0AE /* HW2.8 */,
			);
		};
/* End PBXProject section */

/* Begin PBXResourcesBuildPhase section */
		9BAD8D10240161C200DCE0AE /* Resources */ = {
			isa = PBXResourcesBuildPhase;
			buildActionMask = 2147483647;
			files = (
				9BAD8D22240161C600DCE0AE /* LaunchScreen.storyboard in Resources */,
				9BAD8D1F240161C600DCE0AE /* Assets.xcassets in Resources */,
				9BAD8D1D240161C200DCE0AE /* Main.storyboard in Resources */,
			);
			runOnlyForDeploymentPostprocessing = 0;
		};
/* End PBXResourcesBuildPhase section */

/* Begin PBXSourcesBuildPhase section */
		9BAD8D0E240161C200DCE0AE /* Sources */ = {
			isa = PBXSourcesBuildPhase;
			buildActionMask = 2147483647;
			files = (
				9BAD8D372401805A00DCE0AE /* Quest.swift in Sources */,
				9BAD8D1A240161C200DCE0AE /* StartViewController.swift in Sources */,
				9BAD8D3224016A4800DCE0AE /* DevelopersViewController.swift in Sources */,
				9BAD8D16240161C200DCE0AE /* AppDelegate.swift in Sources */,
				9BAD8D18240161C200DCE0AE /* SceneDelegate.swift in Sources */,
				E279A4EC2401DB3B00FCFEA0 /* LanguagesDataManager.swift in Sources */,
				9BAD8D2C240169C400DCE0AE /* HelloViewController.swift in Sources */,
				9BAD8D3024016A2E00DCE0AE /* QuestsViewController.swift in Sources */,
				9BAD8D3A24018DCA00DCE0AE /* QuestViewCell.swift in Sources */,
				9BAD8D3C2401AF9300DCE0AE /* QuestDetailViewController.swift in Sources */,
				9BAD8D352401712100DCE0AE /* BarViewController.swift in Sources */,
			);
			runOnlyForDeploymentPostprocessing = 0;
		};
/* End PBXSourcesBuildPhase section */

/* Begin PBXVariantGroup section */
		9BAD8D1B240161C200DCE0AE /* Main.storyboard */ = {
			isa = PBXVariantGroup;
			children = (
				9BAD8D1C240161C200DCE0AE /* Base */,
			);
			name = Main.storyboard;
			sourceTree = "<group>";
		};
		9BAD8D20240161C600DCE0AE /* LaunchScreen.storyboard */ = {
			isa = PBXVariantGroup;
			children = (
				9BAD8D21240161C600DCE0AE /* Base */,
			);
			name = LaunchScreen.storyboard;
			sourceTree = "<group>";
		};
/* End PBXVariantGroup section */

/* Begin XCBuildConfiguration section */
		9BAD8D24240161C600DCE0AE /* Debug */ = {
			isa = XCBuildConfiguration;
			buildSettings = {
				ALWAYS_SEARCH_USER_PATHS = NO;
				CLANG_ANALYZER_NONNULL = YES;
				CLANG_ANALYZER_NUMBER_OBJECT_CONVERSION = YES_AGGRESSIVE;
				CLANG_CXX_LANGUAGE_STANDARD = "gnu++14";
				CLANG_CXX_LIBRARY = "libc++";
				CLANG_ENABLE_MODULES = YES;
				CLANG_ENABLE_OBJC_ARC = YES;
				CLANG_ENABLE_OBJC_WEAK = YES;
				CLANG_WARN_BLOCK_CAPTURE_AUTORELEASING = YES;
				CLANG_WARN_BOOL_CONVERSION = YES;
				CLANG_WARN_COMMA = YES;
				CLANG_WARN_CONSTANT_CONVERSION = YES;
				CLANG_WARN_DEPRECATED_OBJC_IMPLEMENTATIONS = YES;
				CLANG_WARN_DIRECT_OBJC_ISA_USAGE = YES_ERROR;
				CLANG_WARN_DOCUMENTATION_COMMENTS = YES;
				CLANG_WARN_EMPTY_BODY = YES;
				CLANG_WARN_ENUM_CONVERSION = YES;
				CLANG_WARN_INFINITE_RECURSION = YES;
				CLANG_WARN_INT_CONVERSION = YES;
				CLANG_WARN_NON_LITERAL_NULL_CONVERSION = YES;
				CLANG_WARN_OBJC_IMPLICIT_RETAIN_SELF = YES;
				CLANG_WARN_OBJC_LITERAL_CONVERSION = YES;
				CLANG_WARN_OBJC_ROOT_CLASS = YES_ERROR;
				CLANG_WARN_RANGE_LOOP_ANALYSIS = YES;
				CLANG_WARN_STRICT_PROTOTYPES = YES;
				CLANG_WARN_SUSPICIOUS_MOVE = YES;
				CLANG_WARN_UNGUARDED_AVAILABILITY = YES_AGGRESSIVE;
				CLANG_WARN_UNREACHABLE_CODE = YES;
				CLANG_WARN__DUPLICATE_METHOD_MATCH = YES;
				COPY_PHASE_STRIP = NO;
				DEBUG_INFORMATION_FORMAT = dwarf;
				ENABLE_STRICT_OBJC_MSGSEND = YES;
				ENABLE_TESTABILITY = YES;
				GCC_C_LANGUAGE_STANDARD = gnu11;
				GCC_DYNAMIC_NO_PIC = NO;
				GCC_NO_COMMON_BLOCKS = YES;
				GCC_OPTIMIZATION_LEVEL = 0;
				GCC_PREPROCESSOR_DEFINITIONS = (
					"DEBUG=1",
					"$(inherited)",
				);
				GCC_WARN_64_TO_32_BIT_CONVERSION = YES;
				GCC_WARN_ABOUT_RETURN_TYPE = YES_ERROR;
				GCC_WARN_UNDECLARED_SELECTOR = YES;
				GCC_WARN_UNINITIALIZED_AUTOS = YES_AGGRESSIVE;
				GCC_WARN_UNUSED_FUNCTION = YES;
				GCC_WARN_UNUSED_VARIABLE = YES;
				IPHONEOS_DEPLOYMENT_TARGET = 13.2;
				MTL_ENABLE_DEBUG_INFO = INCLUDE_SOURCE;
				MTL_FAST_MATH = YES;
				ONLY_ACTIVE_ARCH = YES;
				SDKROOT = iphoneos;
				SWIFT_ACTIVE_COMPILATION_CONDITIONS = DEBUG;
				SWIFT_OPTIMIZATION_LEVEL = "-Onone";
			};
			name = Debug;
		};
		9BAD8D25240161C600DCE0AE /* Release */ = {
			isa = XCBuildConfiguration;
			buildSettings = {
				ALWAYS_SEARCH_USER_PATHS = NO;
				CLANG_ANALYZER_NONNULL = YES;
				CLANG_ANALYZER_NUMBER_OBJECT_CONVERSION = YES_AGGRESSIVE;
				CLANG_CXX_LANGUAGE_STANDARD = "gnu++14";
				CLANG_CXX_LIBRARY = "libc++";
				CLANG_ENABLE_MODULES = YES;
				CLANG_ENABLE_OBJC_ARC = YES;
				CLANG_ENABLE_OBJC_WEAK = YES;
				CLANG_WARN_BLOCK_CAPTURE_AUTORELEASING = YES;
				CLANG_WARN_BOOL_CONVERSION = YES;
				CLANG_WARN_COMMA = YES;
				CLANG_WARN_CONSTANT_CONVERSION = YES;
				CLANG_WARN_DEPRECATED_OBJC_IMPLEMENTATIONS = YES;
				CLANG_WARN_DIRECT_OBJC_ISA_USAGE = YES_ERROR;
				CLANG_WARN_DOCUMENTATION_COMMENTS = YES;
				CLANG_WARN_EMPTY_BODY = YES;
				CLANG_WARN_ENUM_CONVERSION = YES;
				CLANG_WARN_INFINITE_RECURSION = YES;
				CLANG_WARN_INT_CONVERSION = YES;
				CLANG_WARN_NON_LITERAL_NULL_CONVERSION = YES;
				CLANG_WARN_OBJC_IMPLICIT_RETAIN_SELF = YES;
				CLANG_WARN_OBJC_LITERAL_CONVERSION = YES;
				CLANG_WARN_OBJC_ROOT_CLASS = YES_ERROR;
				CLANG_WARN_RANGE_LOOP_ANALYSIS = YES;
				CLANG_WARN_STRICT_PROTOTYPES = YES;
				CLANG_WARN_SUSPICIOUS_MOVE = YES;
				CLANG_WARN_UNGUARDED_AVAILABILITY = YES_AGGRESSIVE;
				CLANG_WARN_UNREACHABLE_CODE = YES;
				CLANG_WARN__DUPLICATE_METHOD_MATCH = YES;
				COPY_PHASE_STRIP = NO;
				DEBUG_INFORMATION_FORMAT = "dwarf-with-dsym";
				ENABLE_NS_ASSERTIONS = NO;
				ENABLE_STRICT_OBJC_MSGSEND = YES;
				GCC_C_LANGUAGE_STANDARD = gnu11;
				GCC_NO_COMMON_BLOCKS = YES;
				GCC_WARN_64_TO_32_BIT_CONVERSION = YES;
				GCC_WARN_ABOUT_RETURN_TYPE = YES_ERROR;
				GCC_WARN_UNDECLARED_SELECTOR = YES;
				GCC_WARN_UNINITIALIZED_AUTOS = YES_AGGRESSIVE;
				GCC_WARN_UNUSED_FUNCTION = YES;
				GCC_WARN_UNUSED_VARIABLE = YES;
				IPHONEOS_DEPLOYMENT_TARGET = 13.2;
				MTL_ENABLE_DEBUG_INFO = NO;
				MTL_FAST_MATH = YES;
				SDKROOT = iphoneos;
				SWIFT_COMPILATION_MODE = wholemodule;
				SWIFT_OPTIMIZATION_LEVEL = "-O";
				VALIDATE_PRODUCT = YES;
			};
			name = Release;
		};
		9BAD8D27240161C600DCE0AE /* Debug */ = {
			isa = XCBuildConfiguration;
			buildSettings = {
				ASSETCATALOG_COMPILER_APPICON_NAME = AppIcon;
				CODE_SIGN_STYLE = Automatic;
				INFOPLIST_FILE = HW2.8/Info.plist;
				LD_RUNPATH_SEARCH_PATHS = (
					"$(inherited)",
					"@executable_path/Frameworks",
				);
				PRODUCT_BUNDLE_IDENTIFIER = "com.via.HW2-8";
				PRODUCT_NAME = "$(TARGET_NAME)";
				SWIFT_VERSION = 5.0;
				TARGETED_DEVICE_FAMILY = "1,2";
			};
			name = Debug;
		};
		9BAD8D28240161C600DCE0AE /* Release */ = {
			isa = XCBuildConfiguration;
			buildSettings = {
				ASSETCATALOG_COMPILER_APPICON_NAME = AppIcon;
				CODE_SIGN_STYLE = Automatic;
				INFOPLIST_FILE = HW2.8/Info.plist;
				LD_RUNPATH_SEARCH_PATHS = (
					"$(inherited)",
					"@executable_path/Frameworks",
				);
				PRODUCT_BUNDLE_IDENTIFIER = "com.via.HW2-8";
				PRODUCT_NAME = "$(TARGET_NAME)";
				SWIFT_VERSION = 5.0;
				TARGETED_DEVICE_FAMILY = "1,2";
			};
			name = Release;
		};
/* End XCBuildConfiguration section */

/* Begin XCConfigurationList section */
		9BAD8D0D240161C200DCE0AE /* Build configuration list for PBXProject "HW2.8" */ = {
			isa = XCConfigurationList;
			buildConfigurations = (
				9BAD8D24240161C600DCE0AE /* Debug */,
				9BAD8D25240161C600DCE0AE /* Release */,
			);
			defaultConfigurationIsVisible = 0;
			defaultConfigurationName = Release;
		};
		9BAD8D26240161C600DCE0AE /* Build configuration list for PBXNativeTarget "HW2.8" */ = {
			isa = XCConfigurationList;
			buildConfigurations = (
				9BAD8D27240161C600DCE0AE /* Debug */,
				9BAD8D28240161C600DCE0AE /* Release */,
			);
			defaultConfigurationIsVisible = 0;
			defaultConfigurationName = Release;
		};
/* End XCConfigurationList section */
	};
	rootObject = 9BAD8D0A240161C200DCE0AE /* Project object */;
}
